
Microsoft Visual Studio Solution File, Format Version 12.00
# Visual Studio 14
VisualStudioVersion = 14.0.25123.0
MinimumVisualStudioVersion = 10.0.40219.1
Project("{8BC9CEB8-8B4A-11D0-8D11-00A0C91BC942}") = "GmkdbMouWDM", "GmkdbMouWDM\GmkdbMouWDM.vcxproj", "{6586FBD7-FE48-4D37-A385-D5FED002C04D}"
EndProject
Global
	GlobalSection(SolutionConfigurationPlatforms) = preSolution
		Debug|ARM = Debug|ARM
		Debug|ARM64 = Debug|ARM64
		Debug|x64 = Debug|x64
		Debug|x86 = Debug|x86
		Release|ARM = Release|ARM
		Release|ARM64 = Release|ARM64
		Release|x64 = Release|x64
		Release|x86 = Release|x86
		Win10_Debug|ARM = Win10_Debug|ARM
		Win10_Debug|ARM64 = Win10_Debug|ARM64
		Win10_Debug|x64 = Win10_Debug|x64
		Win10_Debug|x86 = Win10_Debug|x86
		Win10_Release|ARM = Win10_Release|ARM
		Win10_Release|ARM64 = Win10_Release|ARM64
		Win10_Release|x64 = Win10_Release|x64
		Win10_Release|x86 = Win10_Release|x86
		Win7_Debug|ARM = Win7_Debug|ARM
		Win7_Debug|ARM64 = Win7_Debug|ARM64
		Win7_Debug|x64 = Win7_Debug|x64
		Win7_Debug|x86 = Win7_Debug|x86
		Win7_Release|ARM = Win7_Release|ARM
		Win7_Release|ARM64 = Win7_Release|ARM64
		Win7_Release|x64 = Win7_Release|x64
		Win7_Release|x86 = Win7_Release|x86
		Win8.1_Debug|ARM = Win8.1_Debug|ARM
		Win8.1_Debug|ARM64 = Win8.1_Debug|ARM64
		Win8.1_Debug|x64 = Win8.1_Debug|x64
		Win8.1_Debug|x86 = Win8.1_Debug|x86
		Win8.1_Release|ARM = Win8.1_Release|ARM
		Win8.1_Release|ARM64 = Win8.1_Release|ARM64
		Win8.1_Release|x64 = Win8.1_Release|x64
		Win8.1_Release|x86 = Win8.1_Release|x86
		Win8_Debug|ARM = Win8_Debug|ARM
		Win8_Debug|ARM64 = Win8_Debug|ARM64
		Win8_Debug|x64 = Win8_Debug|x64
		Win8_Debug|x86 = Win8_Debug|x86
		Win8_Release|ARM = Win8_Release|ARM
		Win8_Release|ARM64 = Win8_Release|ARM64
		Win8_Release|x64 = Win8_Release|x64
		Win8_Release|x86 = Win8_Release|x86
	EndGlobalSection
	GlobalSection(ProjectConfigurationPlatforms) = postSolution
		{6586FBD7-FE48-4D37-A385-D5FED002C04D}.Debug|ARM.ActiveCfg = Debug|ARM
		{6586FBD7-FE48-4D37-A385-D5FED002C04D}.Debug|ARM.Build.0 = Debug|ARM
		{6586FBD7-FE48-4D37-A385-D5FED002C04D}.Debug|ARM.Deploy.0 = Debug|ARM
		{6586FBD7-FE48-4D37-A385-D5FED002C04D}.Debug|ARM64.ActiveCfg = Debug|ARM64
		{6586FBD7-FE48-4D37-A385-D5FED002C04D}.Debug|ARM64.Build.0 = Debug|ARM64
		{6586FBD7-FE48-4D37-A385-D5FED002C04D}.Debug|ARM64.Deploy.0 = Debug|ARM64
		{6586FBD7-FE48-4D37-A385-D5FED002C04D}.Debug|x64.ActiveCfg = Debug|x64
		{6586FBD7-FE48-4D37-A385-D5FED002C04D}.Debug|x64.Build.0 = Debug|x64
		{6586FBD7-FE48-4D37-A385-D5FED002C04D}.Debug|x64.Deploy.0 = Debug|x64
		{6586FBD7-FE48-4D37-A385-D5FED002C04D}.Debug|x86.ActiveCfg = Debug|Win32
		{6586FBD7-FE48-4D37-A385-D5FED002C04D}.Debug|x86.Build.0 = Debug|Win32
		{6586FBD7-FE48-4D37-A385-D5FED002C04D}.Debug|x86.Deploy.0 = Debug|Win32
		{6586FBD7-FE48-4D37-A385-D5FED002C04D}.Release|ARM.ActiveCfg = Release|ARM
		{6586FBD7-FE48-4D37-A385-D5FED002C04D}.Release|ARM.Build.0 = Release|ARM
		{6586FBD7-FE48-4D37-A385-D5FED002C04D}.Release|ARM.Deploy.0 = Release|ARM
		{6586FBD7-FE48-4D37-A385-D5FED002C04D}.Release|ARM64.ActiveCfg = Release|ARM64
		{6586FBD7-FE48-4D37-A385-D5FED002C04D}.Release|ARM64.Build.0 = Release|ARM64
		{6586FBD7-FE48-4D37-A385-D5FED002C04D}.Release|ARM64.Deploy.0 = Release|ARM64
		{6586FBD7-FE48-4D37-A385-D5FED002C04D}.Release|x64.ActiveCfg = Release|x64
		{6586FBD7-FE48-4D37-A385-D5FED002C04D}.Release|x64.Build.0 = Release|x64
		{6586FBD7-FE48-4D37-A385-D5FED002C04D}.Release|x64.Deploy.0 = Release|x64
		{6586FBD7-FE48-4D37-A385-D5FED002C04D}.Release|x86.ActiveCfg = Release|Win32
		{6586FBD7-FE48-4D37-A385-D5FED002C04D}.Release|x86.Build.0 = Release|Win32
		{6586FBD7-FE48-4D37-A385-D5FED002C04D}.Release|x86.Deploy.0 = Release|Win32
		{6586FBD7-FE48-4D37-A385-D5FED002C04D}.Win10_Debug|ARM.ActiveCfg = Win10_Debug|ARM
		{6586FBD7-FE48-4D37-A385-D5FED002C04D}.Win10_Debug|ARM.Build.0 = Win10_Debug|ARM
		{6586FBD7-FE48-4D37-A385-D5FED002C04D}.Win10_Debug|ARM.Deploy.0 = Win10_Debug|ARM
		{6586FBD7-FE48-4D37-A385-D5FED002C04D}.Win10_Debug|ARM64.ActiveCfg = Win10_Debug|ARM64
		{6586FBD7-FE48-4D37-A385-D5FED002C04D}.Win10_Debug|ARM64.Build.0 = Win10_Debug|ARM64
		{6586FBD7-FE48-4D37-A385-D5FED002C04D}.Win10_Debug|ARM64.Deploy.0 = Win10_Debug|ARM64
		{6586FBD7-FE48-4D37-A385-D5FED002C04D}.Win10_Debug|x64.ActiveCfg = Win10_Debug|x64
		{6586FBD7-FE48-4D37-A385-D5FED002C04D}.Win10_Debug|x64.Build.0 = Win10_Debug|x64
		{6586FBD7-FE48-4D37-A385-D5FED002C04D}.Win10_Debug|x64.Deploy.0 = Win10_Debug|x64
		{6586FBD7-FE48-4D37-A385-D5FED002C04D}.Win10_Debug|x86.ActiveCfg = Win10_Debug|Win32
		{6586FBD7-FE48-4D37-A385-D5FED002C04D}.Win10_Debug|x86.Build.0 = Win10_Debug|Win32
		{6586FBD7-FE48-4D37-A385-D5FED002C04D}.Win10_Debug|x86.Deploy.0 = Win10_Debug|Win32
		{6586FBD7-FE48-4D37-A385-D5FED002C04D}.Win10_Release|ARM.ActiveCfg = Win10_Release|ARM
		{6586FBD7-FE48-4D37-A385-D5FED002C04D}.Win10_Release|ARM.Build.0 = Win10_Release|ARM
		{6586FBD7-FE48-4D37-A385-D5FED002C04D}.Win10_Release|ARM.Deploy.0 = Win10_Release|ARM
		{6586FBD7-FE48-4D37-A385-D5FED002C04D}.Win10_Release|ARM64.ActiveCfg = Win10_Release|ARM64
		{6586FBD7-FE48-4D37-A385-D5FED002C04D}.Win10_Release|ARM64.Build.0 = Win10_Release|ARM64
		{6586FBD7-FE48-4D37-A385-D5FED002C04D}.Win10_Release|ARM64.Deploy.0 = Win10_Release|ARM64
		{6586FBD7-FE48-4D37-A385-D5FED002C04D}.Win10_Release|x64.ActiveCfg = Win10_Release|x64
		{6586FBD7-FE48-4D37-A385-D5FED002C04D}.Win10_Release|x64.Build.0 = Win10_Release|x64
		{6586FBD7-FE48-4D37-A385-D5FED002C04D}.Win10_Release|x64.Deploy.0 = Win10_Release|x64
		{6586FBD7-FE48-4D37-A385-D5FED002C04D}.Win10_Release|x86.ActiveCfg = Win10_Release|Win32
		{6586FBD7-FE48-4D37-A385-D5FED002C04D}.Win10_Release|x86.Build.0 = Win10_Release|Win32
		{6586FBD7-FE48-4D37-A385-D5FED002C04D}.Win10_Release|x86.Deploy.0 = Win10_Release|Win32
		{6586FBD7-FE48-4D37-A385-D5FED002C04D}.Win7_Debug|ARM.ActiveCfg = Win7_Debug|ARM
		{6586FBD7-FE48-4D37-A385-D5FED002C04D}.Win7_Debug|ARM.Build.0 = Win7_Debug|ARM
		{6586FBD7-FE48-4D37-A385-D5FED002C04D}.Win7_Debug|ARM.Deploy.0 = Win7_Debug|ARM
		{6586FBD7-FE48-4D37-A385-D5FED002C04D}.Win7_Debug|ARM64.ActiveCfg = Win7_Debug|ARM64
		{6586FBD7-FE48-4D37-A385-D5FED002C04D}.Win7_Debug|ARM64.Build.0 = Win7_Debug|ARM64
		{6586FBD7-FE48-4D37-A385-D5FED002C04D}.Win7_Debug|ARM64.Deploy.0 = Win7_Debug|ARM64
		{6586FBD7-FE48-4D37-A385-D5FED002C04D}.Win7_Debug|x64.ActiveCfg = Win7_Debug|x64
		{6586FBD7-FE48-4D37-A385-D5FED002C04D}.Win7_Debug|x64.Build.0 = Win7_Debug|x64
		{6586FBD7-FE48-4D37-A385-D5FED002C04D}.Win7_Debug|x64.Deploy.0 = Win7_Debug|x64
		{6586FBD7-FE48-4D37-A385-D5FED002C04D}.Win7_Debug|x86.ActiveCfg = Win7_Debug|Win32
		{6586FBD7-FE48-4D37-A385-D5FED002C04D}.Win7_Debug|x86.Build.0 = Win7_Debug|Win32
		{6586FBD7-FE48-4D37-A385-D5FED002C04D}.Win7_Debug|x86.Deploy.0 = Win7_Debug|Win32
		{6586FBD7-FE48-4D37-A385-D5FED002C04D}.Win7_Release|ARM.ActiveCfg = Win7_Release|ARM
		{6586FBD7-FE48-4D37-A385-D5FED002C04D}.Win7_Release|ARM.Build.0 = Win7_Release|ARM
		{6586FBD7-FE48-4D37-A385-D5FED002C04D}.Win7_Release|ARM.Deploy.0 = Win7_Release|ARM
		{6586FBD7-FE48-4D37-A385-D5FED002C04D}.Win7_Release|ARM64.ActiveCfg = Win7_Release|ARM64
		{6586FBD7-FE48-4D37-A385-D5FED002C04D}.Win7_Release|ARM64.Build.0 = Win7_Release|ARM64
		{6586FBD7-FE48-4D37-A385-D5FED002C04D}.Win7_Release|ARM64.Deploy.0 = Win7_Release|ARM64
		{6586FBD7-FE48-4D37-A385-D5FED002C04D}.Win7_Release|x64.ActiveCfg = Win7_Release|x64
		{6586FBD7-FE48-4D37-A385-D5FED002C04D}.Win7_Release|x64.Build.0 = Win7_Release|x64
		{6586FBD7-FE48-4D37-A385-D5FED002C04D}.Win7_Release|x64.Deploy.0 = Win7_Release|x64
		{6586FBD7-FE48-4D37-A385-D5FED002C04D}.Win7_Release|x86.ActiveCfg = Win7_Release|Win32
		{6586FBD7-FE48-4D37-A385-D5FED002C04D}.Win7_Release|x86.Build.0 = Win7_Release|Win32
		{6586FBD7-FE48-4D37-A385-D5FED002C04D}.Win7_Release|x86.Deploy.0 = Win7_Release|Win32
		{6586FBD7-FE48-4D37-A385-D5FED002C04D}.Win8.1_Debug|ARM.ActiveCfg = Win8.1_Debug|ARM
		{6586FBD7-FE48-4D37-A385-D5FED002C04D}.Win8.1_Debug|ARM.Build.0 = Win8.1_Debug|ARM
		{6586FBD7-FE48-4D37-A385-D5FED002C04D}.Win8.1_Debug|ARM.Deploy.0 = Win8.1_Debug|ARM
		{6586FBD7-FE48-4D37-A385-D5FED002C04D}.Win8.1_Debug|ARM64.ActiveCfg = Win8.1_Debug|ARM64
		{6586FBD7-FE48-4D37-A385-D5FED002C04D}.Win8.1_Debug|ARM64.Build.0 = Win8.1_Debug|ARM64
		{6586FBD7-FE48-4D37-A385-D5FED002C04D}.Win8.1_Debug|ARM64.Deploy.0 = Win8.1_Debug|ARM64
		{6586FBD7-FE48-4D37-A385-D5FED002C04D}.Win8.1_Debug|x64.ActiveCfg = Win8.1_Debug|x64
		{6586FBD7-FE48-4D37-A385-D5FED002C04D}.Win8.1_Debug|x64.Build.0 = Win8.1_Debug|x64
		{6586FBD7-FE48-4D37-A385-D5FED002C04D}.Win8.1_Debug|x64.Deploy.0 = Win8.1_Debug|x64
		{6586FBD7-FE48-4D37-A385-D5FED002C04D}.Win8.1_Debug|x86.ActiveCfg = Win8.1_Debug|Win32
		{6586FBD7-FE48-4D37-A385-D5FED002C04D}.Win8.1_Debug|x86.Build.0 = Win8.1_Debug|Win32
		{6586FBD7-FE48-4D37-A385-D5FED002C04D}.Win8.1_Debug|x86.Deploy.0 = Win8.1_Debug|Win32
		{6586FBD7-FE48-4D37-A385-D5FED002C04D}.Win8.1_Release|ARM.ActiveCfg = Win8.1_Release|ARM
		{6586FBD7-FE48-4D37-A385-D5FED002C04D}.Win8.1_Release|ARM.Build.0 = Win8.1_Release|ARM
		{6586FBD7-FE48-4D37-A385-D5FED002C04D}.Win8.1_Release|ARM.Deploy.0 = Win8.1_Release|ARM
		{6586FBD7-FE48-4D37-A385-D5FED002C04D}.Win8.1_Release|ARM64.ActiveCfg = Win8.1_Release|ARM64
		{6586FBD7-FE48-4D37-A385-D5FED002C04D}.Win8.1_Release|ARM64.Build.0 = Win8.1_Release|ARM64
		{6586FBD7-FE48-4D37-A385-D5FED002C04D}.Win8.1_Release|ARM64.Deploy.0 = Win8.1_Release|ARM64
		{6586FBD7-FE48-4D37-A385-D5FED002C04D}.Win8.1_Release|x64.ActiveCfg = Win8.1_Release|x64
		{6586FBD7-FE48-4D37-A385-D5FED002C04D}.Win8.1_Release|x64.Build.0 = Win8.1_Release|x64
		{6586FBD7-FE48-4D37-A385-D5FED002C04D}.Win8.1_Release|x64.Deploy.0 = Win8.1_Release|x64
		{6586FBD7-FE48-4D37-A385-D5FED002C04D}.Win8.1_Release|x86.ActiveCfg = Win8.1_Release|Win32
		{6586FBD7-FE48-4D37-A385-D5FED002C04D}.Win8.1_Release|x86.Build.0 = Win8.1_Release|Win32
		{6586FBD7-FE48-4D37-A385-D5FED002C04D}.Win8.1_Release|x86.Deploy.0 = Win8.1_Release|Win32
		{6586FBD7-FE48-4D37-A385-D5FED002C04D}.Win8_Debug|ARM.ActiveCfg = Win8_Debug|ARM
		{6586FBD7-FE48-4D37-A385-D5FED002C04D}.Win8_Debug|ARM.Build.0 = Win8_Debug|ARM
		{6586FBD7-FE48-4D37-A385-D5FED002C04D}.Win8_Debug|ARM.Deploy.0 = Win8_Debug|ARM
		{6586FBD7-FE48-4D37-A385-D5FED002C04D}.Win8_Debug|ARM64.ActiveCfg = Win8_Debug|ARM64
		{6586FBD7-FE48-4D37-A385-D5FED002C04D}.Win8_Debug|ARM64.Build.0 = Win8_Debug|ARM64
		{6586FBD7-FE48-4D37-A385-D5FED002C04D}.Win8_Debug|ARM64.Deploy.0 = Win8_Debug|ARM64
		{6586FBD7-FE48-4D37-A385-D5FED002C04D}.Win8_Debug|x64.ActiveCfg = Win8_Debug|x64
		{6586FBD7-FE48-4D37-A385-D5FED002C04D}.Win8_Debug|x64.Build.0 = Win8_Debug|x64
		{6586FBD7-FE48-4D37-A385-D5FED002C04D}.Win8_Debug|x64.Deploy.0 = Win8_Debug|x64
		{6586FBD7-FE48-4D37-A385-D5FED002C04D}.Win8_Debug|x86.ActiveCfg = Win8_Debug|Win32
		{6586FBD7-FE48-4D37-A385-D5FED002C04D}.Win8_Debug|x86.Build.0 = Win8_Debug|Win32
		{6586FBD7-FE48-4D37-A385-D5FED002C04D}.Win8_Debug|x86.Deploy.0 = Win8_Debug|Win32
		{6586FBD7-FE48-4D37-A385-D5FED002C04D}.Win8_Release|ARM.ActiveCfg = Win8_Release|ARM
		{6586FBD7-FE48-4D37-A385-D5FED002C04D}.Win8_Release|ARM.Build.0 = Win8_Release|ARM
		{6586FBD7-FE48-4D37-A385-D5FED002C04D}.Win8_Release|ARM.Deploy.0 = Win8_Release|ARM
		{6586FBD7-FE48-4D37-A385-D5FED002C04D}.Win8_Release|ARM64.ActiveCfg = Win8_Release|ARM64
		{6586FBD7-FE48-4D37-A385-D5FED002C04D}.Win8_Release|ARM64.Build.0 = Win8_Release|ARM64
		{6586FBD7-FE48-4D37-A385-D5FED002C04D}.Win8_Release|ARM64.Deploy.0 = Win8_Release|ARM64
		{6586FBD7-FE48-4D37-A385-D5FED002C04D}.Win8_Release|x64.ActiveCfg = Win8_Release|x64
		{6586FBD7-FE48-4D37-A385-D5FED002C04D}.Win8_Release|x64.Build.0 = Win8_Release|x64
		{6586FBD7-FE48-4D37-A385-D5FED002C04D}.Win8_Release|x64.Deploy.0 = Win8_Release|x64
		{6586FBD7-FE48-4D37-A385-D5FED002C04D}.Win8_Release|x86.ActiveCfg = Win8_Release|Win32
		{6586FBD7-FE48-4D37-A385-D5FED002C04D}.Win8_Release|x86.Build.0 = Win8_Release|Win32
		{6586FBD7-FE48-4D37-A385-D5FED002C04D}.Win8_Release|x86.Deploy.0 = Win8_Release|Win32
	EndGlobalSection
	GlobalSection(SolutionProperties) = preSolution
		HideSolutionNode = FALSE
	EndGlobalSection
EndGlobal
